
Microsoft Visual Studio Solution File, Format Version 12.00
# Visual Studio Version 17
VisualStudioVersion = 17.5.33502.453
MinimumVisualStudioVersion = 10.0.40219.1
Project("{FAE04EC0-301F-11D3-BF4B-00C04F79EFBC}") = "AdditionalTools", "AdditionalTools\AdditionalTools.csproj", "{0D48A6E3-36AD-471C-AAD0-AD2F335A9186}"
EndProject
Global
	GlobalSection(SolutionConfigurationPlatforms) = preSolution
		Debug|Any CPU = Debug|Any CPU
		Release|Any CPU = Release|Any CPU
	EndGlobalSection
	GlobalSection(ProjectConfigurationPlatforms) = postSolution
		{0D48A6E3-36AD-471C-AAD0-AD2F335A9186}.Debug|Any CPU.ActiveCfg = Debug|Any CPU
		{0D48A6E3-36AD-471C-AAD0-AD2F335A9186}.Debug|Any CPU.Build.0 = Debug|Any CPU
		{0D48A6E3-36AD-471C-AAD0-AD2F335A9186}.Release|Any CPU.ActiveCfg = Release|Any CPU
		{0D48A6E3-36AD-471C-AAD0-AD2F335A9186}.Release|Any CPU.Build.0 = Release|Any CPU
	EndGlobalSection
	GlobalSection(SolutionProperties) = preSolution
		HideSolutionNode = FALSE
	EndGlobalSection
	GlobalSection(ExtensibilityGlobals) = postSolution
		SolutionGuid = {E4C37CB8-D09E-4E94-B654-B7170C78E55A}
	EndGlobalSection
EndGlobal
